{
  "lib/ds-test": {
    "rev": "cd98eff28324bfac652e63a239a60632a761790b"
  },
  "lib/forge-std": {
    "rev": "7b4876e8de2a232a54159035f173e35421000c19"
  },
  "lib/gsn": {
    "rev": "8e0c9ed23d9798b7384e8255054631c3cb414fdf"
  },
  "lib/openzeppelin-contracts": {
    "rev": "7b3e7b7055d6e1226d4920ca7d7c446c0c0bfff5"
  },
  "lib/v3-core": {
    "rev": "e3589b192d0be27e100cd0daaf6c97204fdb1899"
  }
}